
Microsoft Visual Studio Solution File, Format Version 12.00
# Visual Studio Version 16
VisualStudioVersion = 16.0.30907.101
MinimumVisualStudioVersion = 15.0.26124.0
Project("{2150E333-8FDC-42A3-9474-1A3956D46DE8}") = "src", "src", "{B7B9B1E6-0482-4F91-B3BF-412DBDD55867}"
EndProject
Project("{9A19103F-16F7-4668-BE54-9A1E7A4F7556}") = "WebApi", "src\Webapi\WebApi.csproj", "{B50DBF04-E278-4482-92B3-630DCD9CA5B2}"
EndProject
Project("{9A19103F-16F7-4668-BE54-9A1E7A4F7556}") = "WebApi.Core", "src\WebApi.Core\WebApi.Core.csproj", "{919CE8DB-3E01-4E1C-923F-038BCDB1F2D6}"
EndProject
Project("{9A19103F-16F7-4668-BE54-9A1E7A4F7556}") = "WebApi.Repository", "src\WebApi.Repository\WebApi.Repository.csproj", "{ECED34B0-08D1-4895-A1D2-C5869E2CFA74}"
EndProject
Global
	GlobalSection(SolutionConfigurationPlatforms) = preSolution
		Debug|Any CPU = Debug|Any CPU
		Debug|x64 = Debug|x64
		Debug|x86 = Debug|x86
		Release|Any CPU = Release|Any CPU
		Release|x64 = Release|x64
		Release|x86 = Release|x86
	EndGlobalSection
	GlobalSection(ProjectConfigurationPlatforms) = postSolution
		{B50DBF04-E278-4482-92B3-630DCD9CA5B2}.Debug|Any CPU.ActiveCfg = Debug|Any CPU
		{B50DBF04-E278-4482-92B3-630DCD9CA5B2}.Debug|Any CPU.Build.0 = Debug|Any CPU
		{B50DBF04-E278-4482-92B3-630DCD9CA5B2}.Debug|x64.ActiveCfg = Debug|Any CPU
		{B50DBF04-E278-4482-92B3-630DCD9CA5B2}.Debug|x64.Build.0 = Debug|Any CPU
		{B50DBF04-E278-4482-92B3-630DCD9CA5B2}.Debug|x86.ActiveCfg = Debug|Any CPU
		{B50DBF04-E278-4482-92B3-630DCD9CA5B2}.Debug|x86.Build.0 = Debug|Any CPU
		{B50DBF04-E278-4482-92B3-630DCD9CA5B2}.Release|Any CPU.ActiveCfg = Release|Any CPU
		{B50DBF04-E278-4482-92B3-630DCD9CA5B2}.Release|Any CPU.Build.0 = Release|Any CPU
		{B50DBF04-E278-4482-92B3-630DCD9CA5B2}.Release|x64.ActiveCfg = Release|Any CPU
		{B50DBF04-E278-4482-92B3-630DCD9CA5B2}.Release|x64.Build.0 = Release|Any CPU
		{B50DBF04-E278-4482-92B3-630DCD9CA5B2}.Release|x86.ActiveCfg = Release|Any CPU
		{B50DBF04-E278-4482-92B3-630DCD9CA5B2}.Release|x86.Build.0 = Release|Any CPU
		{919CE8DB-3E01-4E1C-923F-038BCDB1F2D6}.Debug|Any CPU.ActiveCfg = Debug|Any CPU
		{919CE8DB-3E01-4E1C-923F-038BCDB1F2D6}.Debug|Any CPU.Build.0 = Debug|Any CPU
		{919CE8DB-3E01-4E1C-923F-038BCDB1F2D6}.Debug|x64.ActiveCfg = Debug|Any CPU
		{919CE8DB-3E01-4E1C-923F-038BCDB1F2D6}.Debug|x64.Build.0 = Debug|Any CPU
		{919CE8DB-3E01-4E1C-923F-038BCDB1F2D6}.Debug|x86.ActiveCfg = Debug|Any CPU
		{919CE8DB-3E01-4E1C-923F-038BCDB1F2D6}.Debug|x86.Build.0 = Debug|Any CPU
		{919CE8DB-3E01-4E1C-923F-038BCDB1F2D6}.Release|Any CPU.ActiveCfg = Release|Any CPU
		{919CE8DB-3E01-4E1C-923F-038BCDB1F2D6}.Release|Any CPU.Build.0 = Release|Any CPU
		{919CE8DB-3E01-4E1C-923F-038BCDB1F2D6}.Release|x64.ActiveCfg = Release|Any CPU
		{919CE8DB-3E01-4E1C-923F-038BCDB1F2D6}.Release|x64.Build.0 = Release|Any CPU
		{919CE8DB-3E01-4E1C-923F-038BCDB1F2D6}.Release|x86.ActiveCfg = Release|Any CPU
		{919CE8DB-3E01-4E1C-923F-038BCDB1F2D6}.Release|x86.Build.0 = Release|Any CPU
		{ECED34B0-08D1-4895-A1D2-C5869E2CFA74}.Debug|Any CPU.ActiveCfg = Debug|Any CPU
		{ECED34B0-08D1-4895-A1D2-C5869E2CFA74}.Debug|Any CPU.Build.0 = Debug|Any CPU
		{ECED34B0-08D1-4895-A1D2-C5869E2CFA74}.Debug|x64.ActiveCfg = Debug|Any CPU
		{ECED34B0-08D1-4895-A1D2-C5869E2CFA74}.Debug|x64.Build.0 = Debug|Any CPU
		{ECED34B0-08D1-4895-A1D2-C5869E2CFA74}.Debug|x86.ActiveCfg = Debug|Any CPU
		{ECED34B0-08D1-4895-A1D2-C5869E2CFA74}.Debug|x86.Build.0 = Debug|Any CPU
		{ECED34B0-08D1-4895-A1D2-C5869E2CFA74}.Release|Any CPU.ActiveCfg = Release|Any CPU
		{ECED34B0-08D1-4895-A1D2-C5869E2CFA74}.Release|Any CPU.Build.0 = Release|Any CPU
		{ECED34B0-08D1-4895-A1D2-C5869E2CFA74}.Release|x64.ActiveCfg = Release|Any CPU
		{ECED34B0-08D1-4895-A1D2-C5869E2CFA74}.Release|x64.Build.0 = Release|Any CPU
		{ECED34B0-08D1-4895-A1D2-C5869E2CFA74}.Release|x86.ActiveCfg = Release|Any CPU
		{ECED34B0-08D1-4895-A1D2-C5869E2CFA74}.Release|x86.Build.0 = Release|Any CPU
	EndGlobalSection
	GlobalSection(SolutionProperties) = preSolution
		HideSolutionNode = FALSE
	EndGlobalSection
	GlobalSection(NestedProjects) = preSolution
		{B50DBF04-E278-4482-92B3-630DCD9CA5B2} = {B7B9B1E6-0482-4F91-B3BF-412DBDD55867}
		{919CE8DB-3E01-4E1C-923F-038BCDB1F2D6} = {B7B9B1E6-0482-4F91-B3BF-412DBDD55867}
		{ECED34B0-08D1-4895-A1D2-C5869E2CFA74} = {B7B9B1E6-0482-4F91-B3BF-412DBDD55867}
	EndGlobalSection
	GlobalSection(ExtensibilityGlobals) = postSolution
		SolutionGuid = {238CC810-59C6-4CB4-8D1C-C3AFF0AD8F37}
	EndGlobalSection
EndGlobal
